<?xml version="1.0" encoding="utf-8"?>
<Project ToolsVersion="4.0" xmlns="http://schemas.microsoft.com/developer/msbuild/2003">
  <ItemGroup>
    <ClCompile Include="vkApp.cpp" />
    <ClCompile Include="src\vkCamera.cpp">
      <Filter>src</Filter>
    </ClCompile>
    <ClCompile Include="src\vkDevice.cpp">
      <Filter>src</Filter>
    </ClCompile>
    <ClCompile Include="src\vkLogger.cpp">
      <Filter>src</Filter>
    </ClCompile>
    <ClCompile Include="src\vkEngine.cpp">
      <Filter>src</Filter>
    </ClCompile>
    <ClCompile Include="src\vkWindow.cpp">
      <Filter>src</Filter>
    </ClCompile>
    <ClCompile Include="src\vkPipeline.cpp">
      <Filter>src</Filter>
    </ClCompile>
  </ItemGroup>
  <ItemGroup>
    <ClInclude Include="include\vkCamera.h">
      <Filter>include</Filter>
    </ClInclude>
    <ClInclude Include="include\vkCore.h">
      <Filter>include</Filter>
    </ClInclude>
    <ClInclude Include="include\vkDevice.h">
      <Filter>include</Filter>
    </ClInclude>
    <ClInclude Include="include\vkEngine.h">
      <Filter>include</Filter>
    </ClInclude>
    <ClInclude Include="include\vkLogger.h">
      <Filter>include</Filter>
    </ClInclude>
    <ClInclude Include="include\vkWindow.h">
      <Filter>include</Filter>
    </ClInclude>
    <ClInclude Include="include\vkPipeline.h">
      <Filter>include</Filter>
    </ClInclude>
  </ItemGroup>
  <ItemGroup>
    <Filter Include="include">
      <UniqueIdentifier>{0697d51f-d004-4783-b1a4-e137ee59e6f8}</UniqueIdentifier>
    </Filter>
    <Filter Include="src">
      <UniqueIdentifier>{eb41ee84-92ed-44cf-a09d-f83b43efafca}</UniqueIdentifier>
    </Filter>
    <Filter Include="resources">
      <UniqueIdentifier>{b6d68589-5198-4f70-bbaa-06f915a4e38f}</UniqueIdentifier>
    </Filter>
    <Filter Include="resources\shaders">
      <UniqueIdentifier>{cd19c5a7-a0d1-4df4-91e4-5dcde6fa810a}</UniqueIdentifier>
    </Filter>
    <Filter Include="resources\shaders\triangle">
      <UniqueIdentifier>{12731ae1-8e21-4f93-b2ec-409769c40e68}</UniqueIdentifier>
    </Filter>
  </ItemGroup>
  <ItemGroup>
    <None Include="resources\shaders\triangle\triangle.frag">
      <Filter>resources\shaders\triangle</Filter>
    </None>
    <None Include="resources\shaders\triangle\triangle.vert">
      <Filter>resources\shaders\triangle</Filter>
    </None>
  </ItemGroup>
</Project>